
Microsoft Visual Studio Solution File, Format Version 12.00
# Visual Studio Version 17
VisualStudioVersion = 17.3.32825.248
MinimumVisualStudioVersion = 10.0.40219.1
Project("{FAE04EC0-301F-11D3-BF4B-00C04F79EFBC}") = "BlazorWebAssemblyStandalone", "BlazorWebAssemblyStandalone\BlazorWebAssemblyStandalone.csproj", "{968AB22E-5B1D-4A99-99A1-E0938BB3C6F2}"
EndProject
Global
	GlobalSection(SolutionConfigurationPlatforms) = preSolution
		Debug|Any CPU = Debug|Any CPU
		Release|Any CPU = Release|Any CPU
	EndGlobalSection
	GlobalSection(ProjectConfigurationPlatforms) = postSolution
		{968AB22E-5B1D-4A99-99A1-E0938BB3C6F2}.Debug|Any CPU.ActiveCfg = Debug|Any CPU
		{968AB22E-5B1D-4A99-99A1-E0938BB3C6F2}.Debug|Any CPU.Build.0 = Debug|Any CPU
		{968AB22E-5B1D-4A99-99A1-E0938BB3C6F2}.Release|Any CPU.ActiveCfg = Release|Any CPU
		{968AB22E-5B1D-4A99-99A1-E0938BB3C6F2}.Release|Any CPU.Build.0 = Release|Any CPU
	EndGlobalSection
	GlobalSection(SolutionProperties) = preSolution
		HideSolutionNode = FALSE
	EndGlobalSection
	GlobalSection(ExtensibilityGlobals) = postSolution
		SolutionGuid = {0460036A-F11E-49D0-9932-AABE4E6BADEA}
	EndGlobalSection
EndGlobal
